
Microsoft Visual Studio Solution File, Format Version 11.00
# Visual Studio 2010
Project("{FAE04EC0-301F-11D3-BF4B-00C04F79EFBC}") = "chemicalDistillation", "Assembly-CSharp.csproj", "{C56BC716-2F8A-0A4C-52C2-8EB6BEB9B3A8}"
EndProject
Project("{FAE04EC0-301F-11D3-BF4B-00C04F79EFBC}") = "chemicalDistillation", "Assembly-CSharp-Editor.csproj", "{FE6FBEA9-3EC7-5449-4702-3BBB97615B10}"
EndProject
Global
	GlobalSection(SolutionConfigurationPlatforms) = preSolution
		Debug|Any CPU = Debug|Any CPU
		Release|Any CPU = Release|Any CPU
	EndGlobalSection
	GlobalSection(ProjectConfigurationPlatforms) = postSolution
		{C56BC716-2F8A-0A4C-52C2-8EB6BEB9B3A8}.Debug|Any CPU.ActiveCfg = Debug|Any CPU
		{C56BC716-2F8A-0A4C-52C2-8EB6BEB9B3A8}.Debug|Any CPU.Build.0 = Debug|Any CPU
		{C56BC716-2F8A-0A4C-52C2-8EB6BEB9B3A8}.Release|Any CPU.ActiveCfg = Release|Any CPU
		{C56BC716-2F8A-0A4C-52C2-8EB6BEB9B3A8}.Release|Any CPU.Build.0 = Release|Any CPU
		{FE6FBEA9-3EC7-5449-4702-3BBB97615B10}.Debug|Any CPU.ActiveCfg = Debug|Any CPU
		{FE6FBEA9-3EC7-5449-4702-3BBB97615B10}.Debug|Any CPU.Build.0 = Debug|Any CPU
		{FE6FBEA9-3EC7-5449-4702-3BBB97615B10}.Release|Any CPU.ActiveCfg = Release|Any CPU
		{FE6FBEA9-3EC7-5449-4702-3BBB97615B10}.Release|Any CPU.Build.0 = Release|Any CPU
	EndGlobalSection
	GlobalSection(SolutionProperties) = preSolution
		HideSolutionNode = FALSE
	EndGlobalSection
	GlobalSection(MonoDevelopProperties) = preSolution
		StartupItem = Assembly-CSharp.csproj
	EndGlobalSection
EndGlobal
